{
    "name": "zeek-tsv",
    "version": "0.1.0",
    "lockfileVersion": 3,
    "requires": true,
    "packages": {
        "": {
            "name": "zeek-tsv",
            "version": "0.1.0",
            "license": "MIT",
            "dependencies": {
                "tsv": "^0.2.0"
            }
        },
        "node_modules/tsv": {
            "version": "0.2.0",
            "resolved": "https://registry.npmjs.org/tsv/-/tsv-0.2.0.tgz",
            "integrity": "sha512-GG6xbOP85giXXom0dS6z9uyDsxktznjpa1AuDlPrIXDqDnbhjr9Vk6Us8iz6U1nENL4CPS2jZDvIjEdaZsmc4Q==",
            "license": "MIT (ricardo.mit-license.org)"
        }
    }
}
